
Microsoft Visual Studio Solution File, Format Version 12.00
# Visual Studio 15
VisualStudioVersion = 15.0.26430.16
MinimumVisualStudioVersion = 10.0.40219.1
Project("{9A19103F-16F7-4668-BE54-9A1E7A4F7556}") = "TweetApp.Api", "TweetApp\TweetApp.Api.csproj", "{1FB23144-CA1A-41FB-9AAB-810310C40AC6}"
EndProject
Project("{9A19103F-16F7-4668-BE54-9A1E7A4F7556}") = "TweetApp.Tests", "..\TweetsAPI.Tests\TweetApp.Tests.csproj", "{8CFF227C-C840-4CD3-BA6D-F954A7AEDA38}"
EndProject
Project("{9A19103F-16F7-4668-BE54-9A1E7A4F7556}") = "TweetApp.Domain", "TweetApp.Domain\TweetApp.Domain.csproj", "{74D2796B-F8D8-4A0D-BC6C-9896DAA6E1F5}"
EndProject
Project("{9A19103F-16F7-4668-BE54-9A1E7A4F7556}") = "TweetApp.Data", "TweetApp.Data\TweetApp.Data.csproj", "{22F6C6DF-35F7-4E22-9FF0-D952BE3B4992}"
EndProject
Project("{9A19103F-16F7-4668-BE54-9A1E7A4F7556}") = "TweetApp.Data.Tests", "TweetApp.Data.Tests\TweetApp.Data.Tests.csproj", "{7EEA8171-313B-4332-9377-0BDA5CD02175}"
EndProject
Project("{2150E333-8FDC-42A3-9474-1A3956D46DE8}") = "src", "src", "{32A2B687-0C1A-4122-B28E-6DC1A4996DB6}"
EndProject
Project("{2150E333-8FDC-42A3-9474-1A3956D46DE8}") = "tests", "tests", "{F6F68065-A6F6-4D31-99EC-FDE17E5C85AE}"
EndProject
Project("{FAE04EC0-301F-11D3-BF4B-00C04F79EFBC}") = "TweetApp.Services", "TweetApp.Services\TweetApp.Services.csproj", "{01597814-7E7E-4A82-B6E3-2B47334F4FEB}"
EndProject
Global
	GlobalSection(SolutionConfigurationPlatforms) = preSolution
		Debug|Any CPU = Debug|Any CPU
		Release|Any CPU = Release|Any CPU
	EndGlobalSection
	GlobalSection(ProjectConfigurationPlatforms) = postSolution
		{1FB23144-CA1A-41FB-9AAB-810310C40AC6}.Debug|Any CPU.ActiveCfg = Debug|Any CPU
		{1FB23144-CA1A-41FB-9AAB-810310C40AC6}.Debug|Any CPU.Build.0 = Debug|Any CPU
		{1FB23144-CA1A-41FB-9AAB-810310C40AC6}.Release|Any CPU.ActiveCfg = Release|Any CPU
		{1FB23144-CA1A-41FB-9AAB-810310C40AC6}.Release|Any CPU.Build.0 = Release|Any CPU
		{8CFF227C-C840-4CD3-BA6D-F954A7AEDA38}.Debug|Any CPU.ActiveCfg = Debug|Any CPU
		{8CFF227C-C840-4CD3-BA6D-F954A7AEDA38}.Debug|Any CPU.Build.0 = Debug|Any CPU
		{8CFF227C-C840-4CD3-BA6D-F954A7AEDA38}.Release|Any CPU.ActiveCfg = Release|Any CPU
		{8CFF227C-C840-4CD3-BA6D-F954A7AEDA38}.Release|Any CPU.Build.0 = Release|Any CPU
		{74D2796B-F8D8-4A0D-BC6C-9896DAA6E1F5}.Debug|Any CPU.ActiveCfg = Debug|Any CPU
		{74D2796B-F8D8-4A0D-BC6C-9896DAA6E1F5}.Debug|Any CPU.Build.0 = Debug|Any CPU
		{74D2796B-F8D8-4A0D-BC6C-9896DAA6E1F5}.Release|Any CPU.ActiveCfg = Release|Any CPU
		{74D2796B-F8D8-4A0D-BC6C-9896DAA6E1F5}.Release|Any CPU.Build.0 = Release|Any CPU
		{22F6C6DF-35F7-4E22-9FF0-D952BE3B4992}.Debug|Any CPU.ActiveCfg = Debug|Any CPU
		{22F6C6DF-35F7-4E22-9FF0-D952BE3B4992}.Debug|Any CPU.Build.0 = Debug|Any CPU
		{22F6C6DF-35F7-4E22-9FF0-D952BE3B4992}.Release|Any CPU.ActiveCfg = Release|Any CPU
		{22F6C6DF-35F7-4E22-9FF0-D952BE3B4992}.Release|Any CPU.Build.0 = Release|Any CPU
		{7EEA8171-313B-4332-9377-0BDA5CD02175}.Debug|Any CPU.ActiveCfg = Debug|Any CPU
		{7EEA8171-313B-4332-9377-0BDA5CD02175}.Debug|Any CPU.Build.0 = Debug|Any CPU
		{7EEA8171-313B-4332-9377-0BDA5CD02175}.Release|Any CPU.ActiveCfg = Release|Any CPU
		{7EEA8171-313B-4332-9377-0BDA5CD02175}.Release|Any CPU.Build.0 = Release|Any CPU
		{01597814-7E7E-4A82-B6E3-2B47334F4FEB}.Debug|Any CPU.ActiveCfg = Debug|Any CPU
		{01597814-7E7E-4A82-B6E3-2B47334F4FEB}.Debug|Any CPU.Build.0 = Debug|Any CPU
		{01597814-7E7E-4A82-B6E3-2B47334F4FEB}.Release|Any CPU.ActiveCfg = Release|Any CPU
		{01597814-7E7E-4A82-B6E3-2B47334F4FEB}.Release|Any CPU.Build.0 = Release|Any CPU
	EndGlobalSection
	GlobalSection(SolutionProperties) = preSolution
		HideSolutionNode = FALSE
	EndGlobalSection
	GlobalSection(NestedProjects) = preSolution
		{1FB23144-CA1A-41FB-9AAB-810310C40AC6} = {32A2B687-0C1A-4122-B28E-6DC1A4996DB6}
		{8CFF227C-C840-4CD3-BA6D-F954A7AEDA38} = {F6F68065-A6F6-4D31-99EC-FDE17E5C85AE}
		{74D2796B-F8D8-4A0D-BC6C-9896DAA6E1F5} = {32A2B687-0C1A-4122-B28E-6DC1A4996DB6}
		{22F6C6DF-35F7-4E22-9FF0-D952BE3B4992} = {32A2B687-0C1A-4122-B28E-6DC1A4996DB6}
		{7EEA8171-313B-4332-9377-0BDA5CD02175} = {F6F68065-A6F6-4D31-99EC-FDE17E5C85AE}
		{01597814-7E7E-4A82-B6E3-2B47334F4FEB} = {32A2B687-0C1A-4122-B28E-6DC1A4996DB6}
	EndGlobalSection
EndGlobal
